
Microsoft Visual Studio Solution File, Format Version 12.00
# Visual Studio 14
VisualStudioVersion = 14.0.25420.1
MinimumVisualStudioVersion = 10.0.40219.1
Project("{2150E333-8FDC-42A3-9474-1A3956D46DE8}") = "Data", "Data", "{F1C0B696-BDE6-4028-BEF1-E32BAE7EFD08}"
EndProject
Project("{00D1A9C2-B5F0-4AF3-8072-F6C62B433612}") = "Database", "Data\Database\Database.sqlproj", "{AAD328A9-720D-4059-AE95-7EA00BEE6159}"
EndProject
Project("{FAE04EC0-301F-11D3-BF4B-00C04F79EFBC}") = "Models", "Data\Models\Models.csproj", "{43918238-189F-44F9-879A-A1A2942CD216}"
EndProject
Project("{2150E333-8FDC-42A3-9474-1A3956D46DE8}") = "Web", "Web", "{A555A923-DEBA-4AEF-98E3-6A296382A037}"
EndProject
Project("{FAE04EC0-301F-11D3-BF4B-00C04F79EFBC}") = "DataApi", "Web\DataApi\DataApi.csproj", "{00706128-632D-4EAE-A994-EFF85E21B70C}"
EndProject
Project("{2150E333-8FDC-42A3-9474-1A3956D46DE8}") = "Common", "Common", "{71254DE1-3C9A-4CFA-BDB9-78CD9900476A}"
EndProject
Project("{FAE04EC0-301F-11D3-BF4B-00C04F79EFBC}") = "Azure", "Common\Azure\Azure.csproj", "{9646C89E-F587-49F0-9413-E8D566D6933C}"
EndProject
Global
	GlobalSection(SolutionConfigurationPlatforms) = preSolution
		Debug|Any CPU = Debug|Any CPU
		Release|Any CPU = Release|Any CPU
	EndGlobalSection
	GlobalSection(ProjectConfigurationPlatforms) = postSolution
		{AAD328A9-720D-4059-AE95-7EA00BEE6159}.Debug|Any CPU.ActiveCfg = Debug|Any CPU
		{AAD328A9-720D-4059-AE95-7EA00BEE6159}.Debug|Any CPU.Build.0 = Debug|Any CPU
		{AAD328A9-720D-4059-AE95-7EA00BEE6159}.Debug|Any CPU.Deploy.0 = Debug|Any CPU
		{AAD328A9-720D-4059-AE95-7EA00BEE6159}.Release|Any CPU.ActiveCfg = Release|Any CPU
		{AAD328A9-720D-4059-AE95-7EA00BEE6159}.Release|Any CPU.Build.0 = Release|Any CPU
		{AAD328A9-720D-4059-AE95-7EA00BEE6159}.Release|Any CPU.Deploy.0 = Release|Any CPU
		{43918238-189F-44F9-879A-A1A2942CD216}.Debug|Any CPU.ActiveCfg = Debug|Any CPU
		{43918238-189F-44F9-879A-A1A2942CD216}.Debug|Any CPU.Build.0 = Debug|Any CPU
		{43918238-189F-44F9-879A-A1A2942CD216}.Release|Any CPU.ActiveCfg = Release|Any CPU
		{43918238-189F-44F9-879A-A1A2942CD216}.Release|Any CPU.Build.0 = Release|Any CPU
		{00706128-632D-4EAE-A994-EFF85E21B70C}.Debug|Any CPU.ActiveCfg = Debug|Any CPU
		{00706128-632D-4EAE-A994-EFF85E21B70C}.Debug|Any CPU.Build.0 = Debug|Any CPU
		{00706128-632D-4EAE-A994-EFF85E21B70C}.Release|Any CPU.ActiveCfg = Release|Any CPU
		{00706128-632D-4EAE-A994-EFF85E21B70C}.Release|Any CPU.Build.0 = Release|Any CPU
		{9646C89E-F587-49F0-9413-E8D566D6933C}.Debug|Any CPU.ActiveCfg = Debug|Any CPU
		{9646C89E-F587-49F0-9413-E8D566D6933C}.Debug|Any CPU.Build.0 = Debug|Any CPU
		{9646C89E-F587-49F0-9413-E8D566D6933C}.Release|Any CPU.ActiveCfg = Release|Any CPU
		{9646C89E-F587-49F0-9413-E8D566D6933C}.Release|Any CPU.Build.0 = Release|Any CPU
	EndGlobalSection
	GlobalSection(SolutionProperties) = preSolution
		HideSolutionNode = FALSE
	EndGlobalSection
	GlobalSection(NestedProjects) = preSolution
		{AAD328A9-720D-4059-AE95-7EA00BEE6159} = {F1C0B696-BDE6-4028-BEF1-E32BAE7EFD08}
		{43918238-189F-44F9-879A-A1A2942CD216} = {F1C0B696-BDE6-4028-BEF1-E32BAE7EFD08}
		{00706128-632D-4EAE-A994-EFF85E21B70C} = {A555A923-DEBA-4AEF-98E3-6A296382A037}
		{9646C89E-F587-49F0-9413-E8D566D6933C} = {71254DE1-3C9A-4CFA-BDB9-78CD9900476A}
	EndGlobalSection
EndGlobal
