
Microsoft Visual Studio Solution File, Format Version 12.00
# Visual Studio 14
VisualStudioVersion = 14.0.25420.1
MinimumVisualStudioVersion = 10.0.40219.1
Project("{2150E333-8FDC-42A3-9474-1A3956D46DE8}") = "Data", "Data", "{F1C0B696-BDE6-4028-BEF1-E32BAE7EFD08}"
EndProject
Project("{00D1A9C2-B5F0-4AF3-8072-F6C62B433612}") = "Database", "Data\Database\Database.sqlproj", "{AAD328A9-720D-4059-AE95-7EA00BEE6159}"
EndProject
Project("{FAE04EC0-301F-11D3-BF4B-00C04F79EFBC}") = "Models", "Data\Models\Models.csproj", "{43918238-189F-44F9-879A-A1A2942CD216}"
EndProject
Project("{2150E333-8FDC-42A3-9474-1A3956D46DE8}") = "Web", "Web", "{919F649D-80FF-4BA4-A333-9C662D22120C}"
EndProject
Project("{2150E333-8FDC-42A3-9474-1A3956D46DE8}") = "Jobs", "Jobs", "{34014D9C-0DCE-4140-AA5F-C56DC5B150A5}"
EndProject
Project("{FAE04EC0-301F-11D3-BF4B-00C04F79EFBC}") = "DataApi", "Web\DataApi\DataApi.csproj", "{E0544E0F-E4C1-4E2A-9F88-CD5D080F4C16}"
EndProject
Project("{FAE04EC0-301F-11D3-BF4B-00C04F79EFBC}") = "ClientApp", "Web\ClientApp\ClientApp.csproj", "{53E3A8DD-BCD4-4E0F-9238-301C92DCAB24}"
EndProject
Project("{2150E333-8FDC-42A3-9474-1A3956D46DE8}") = "Common", "Common", "{DA0E25B8-5327-4250-A232-2340B2179449}"
EndProject
Project("{FAE04EC0-301F-11D3-BF4B-00C04F79EFBC}") = "ResizeImageJob", "Jobs\ResizeImageJob\ResizeImageJob.csproj", "{92845662-49ED-4FB0-A792-089D5D8D23D6}"
EndProject
Project("{FAE04EC0-301F-11D3-BF4B-00C04F79EFBC}") = "Azure", "Common\Azure\Azure.csproj", "{9646C89E-F587-49F0-9413-E8D566D6933C}"
EndProject
Project("{FAE04EC0-301F-11D3-BF4B-00C04F79EFBC}") = "ResizeImageJobEx", "Jobs\ResizeImageJobEx\ResizeImageJobEx.csproj", "{55BF2C99-F7AF-4034-B299-DE0618259440}"
EndProject
Global
	GlobalSection(SolutionConfigurationPlatforms) = preSolution
		Debug|Any CPU = Debug|Any CPU
		Release|Any CPU = Release|Any CPU
	EndGlobalSection
	GlobalSection(ProjectConfigurationPlatforms) = postSolution
		{AAD328A9-720D-4059-AE95-7EA00BEE6159}.Debug|Any CPU.ActiveCfg = Debug|Any CPU
		{AAD328A9-720D-4059-AE95-7EA00BEE6159}.Debug|Any CPU.Build.0 = Debug|Any CPU
		{AAD328A9-720D-4059-AE95-7EA00BEE6159}.Debug|Any CPU.Deploy.0 = Debug|Any CPU
		{AAD328A9-720D-4059-AE95-7EA00BEE6159}.Release|Any CPU.ActiveCfg = Release|Any CPU
		{AAD328A9-720D-4059-AE95-7EA00BEE6159}.Release|Any CPU.Build.0 = Release|Any CPU
		{AAD328A9-720D-4059-AE95-7EA00BEE6159}.Release|Any CPU.Deploy.0 = Release|Any CPU
		{43918238-189F-44F9-879A-A1A2942CD216}.Debug|Any CPU.ActiveCfg = Debug|Any CPU
		{43918238-189F-44F9-879A-A1A2942CD216}.Debug|Any CPU.Build.0 = Debug|Any CPU
		{43918238-189F-44F9-879A-A1A2942CD216}.Release|Any CPU.ActiveCfg = Release|Any CPU
		{43918238-189F-44F9-879A-A1A2942CD216}.Release|Any CPU.Build.0 = Release|Any CPU
		{E0544E0F-E4C1-4E2A-9F88-CD5D080F4C16}.Debug|Any CPU.ActiveCfg = Debug|Any CPU
		{E0544E0F-E4C1-4E2A-9F88-CD5D080F4C16}.Debug|Any CPU.Build.0 = Debug|Any CPU
		{E0544E0F-E4C1-4E2A-9F88-CD5D080F4C16}.Release|Any CPU.ActiveCfg = Release|Any CPU
		{E0544E0F-E4C1-4E2A-9F88-CD5D080F4C16}.Release|Any CPU.Build.0 = Release|Any CPU
		{53E3A8DD-BCD4-4E0F-9238-301C92DCAB24}.Debug|Any CPU.ActiveCfg = Debug|Any CPU
		{53E3A8DD-BCD4-4E0F-9238-301C92DCAB24}.Debug|Any CPU.Build.0 = Debug|Any CPU
		{53E3A8DD-BCD4-4E0F-9238-301C92DCAB24}.Release|Any CPU.ActiveCfg = Release|Any CPU
		{53E3A8DD-BCD4-4E0F-9238-301C92DCAB24}.Release|Any CPU.Build.0 = Release|Any CPU
		{92845662-49ED-4FB0-A792-089D5D8D23D6}.Debug|Any CPU.ActiveCfg = Debug|Any CPU
		{92845662-49ED-4FB0-A792-089D5D8D23D6}.Debug|Any CPU.Build.0 = Debug|Any CPU
		{92845662-49ED-4FB0-A792-089D5D8D23D6}.Release|Any CPU.ActiveCfg = Release|Any CPU
		{92845662-49ED-4FB0-A792-089D5D8D23D6}.Release|Any CPU.Build.0 = Release|Any CPU
		{9646C89E-F587-49F0-9413-E8D566D6933C}.Debug|Any CPU.ActiveCfg = Debug|Any CPU
		{9646C89E-F587-49F0-9413-E8D566D6933C}.Debug|Any CPU.Build.0 = Debug|Any CPU
		{9646C89E-F587-49F0-9413-E8D566D6933C}.Release|Any CPU.ActiveCfg = Release|Any CPU
		{9646C89E-F587-49F0-9413-E8D566D6933C}.Release|Any CPU.Build.0 = Release|Any CPU
		{55BF2C99-F7AF-4034-B299-DE0618259440}.Debug|Any CPU.ActiveCfg = Debug|Any CPU
		{55BF2C99-F7AF-4034-B299-DE0618259440}.Debug|Any CPU.Build.0 = Debug|Any CPU
		{55BF2C99-F7AF-4034-B299-DE0618259440}.Release|Any CPU.ActiveCfg = Release|Any CPU
		{55BF2C99-F7AF-4034-B299-DE0618259440}.Release|Any CPU.Build.0 = Release|Any CPU
	EndGlobalSection
	GlobalSection(SolutionProperties) = preSolution
		HideSolutionNode = FALSE
	EndGlobalSection
	GlobalSection(NestedProjects) = preSolution
		{AAD328A9-720D-4059-AE95-7EA00BEE6159} = {F1C0B696-BDE6-4028-BEF1-E32BAE7EFD08}
		{43918238-189F-44F9-879A-A1A2942CD216} = {F1C0B696-BDE6-4028-BEF1-E32BAE7EFD08}
		{E0544E0F-E4C1-4E2A-9F88-CD5D080F4C16} = {919F649D-80FF-4BA4-A333-9C662D22120C}
		{53E3A8DD-BCD4-4E0F-9238-301C92DCAB24} = {919F649D-80FF-4BA4-A333-9C662D22120C}
		{92845662-49ED-4FB0-A792-089D5D8D23D6} = {34014D9C-0DCE-4140-AA5F-C56DC5B150A5}
		{9646C89E-F587-49F0-9413-E8D566D6933C} = {DA0E25B8-5327-4250-A232-2340B2179449}
		{55BF2C99-F7AF-4034-B299-DE0618259440} = {34014D9C-0DCE-4140-AA5F-C56DC5B150A5}
	EndGlobalSection
EndGlobal
